// !$*UTF8*$!
{
	archiveVersion = 1;
	classes = {
	};
	objectVersion = 55;
	objects = {

/* Begin PBXBuildFile section */
		21B246DB296167890094F55D /* AppDelegate.swift in Sources */ = {isa = PBXBuildFile; fileRef = 21B246DA296167890094F55D /* AppDelegate.swift */; };
		21B246DD296167890094F55D /* SceneDelegate.swift in Sources */ = {isa = PBXBuildFile; fileRef = 21B246DC296167890094F55D /* SceneDelegate.swift */; };
		21B246DF296167890094F55D /* ViewController.swift in Sources */ = {isa = PBXBuildFile; fileRef = 21B246DE296167890094F55D /* ViewController.swift */; };
		21B246E42961678C0094F55D /* Assets.xcassets in Resources */ = {isa = PBXBuildFile; fileRef = 21B246E32961678C0094F55D /* Assets.xcassets */; };
		21B246E72961678C0094F55D /* LaunchScreen.storyboard in Resources */ = {isa = PBXBuildFile; fileRef = 21B246E52961678C0094F55D /* LaunchScreen.storyboard */; };
		21B246F22961687A0094F55D /* UIColor+Extension.swift in Sources */ = {isa = PBXBuildFile; fileRef = 21B246F12961687A0094F55D /* UIColor+Extension.swift */; };
		21B246F729616DE70094F55D /* MarkPro-Regular.ttf in Resources */ = {isa = PBXBuildFile; fileRef = 21B246F329616DE70094F55D /* MarkPro-Regular.ttf */; };
		21B246F829616DE70094F55D /* MarkPro-Medium.ttf in Resources */ = {isa = PBXBuildFile; fileRef = 21B246F429616DE70094F55D /* MarkPro-Medium.ttf */; };
		21B246F929616DE70094F55D /* MarkPro-Heavy.ttf in Resources */ = {isa = PBXBuildFile; fileRef = 21B246F529616DE70094F55D /* MarkPro-Heavy.ttf */; };
		21B246FA29616DE70094F55D /* MarkPro-Bold.ttf in Resources */ = {isa = PBXBuildFile; fileRef = 21B246F629616DE70094F55D /* MarkPro-Bold.ttf */; };
		21B246FD29616F730094F55D /* UIFont+Extension.swift in Sources */ = {isa = PBXBuildFile; fileRef = 21B246FC29616F730094F55D /* UIFont+Extension.swift */; };
/* End PBXBuildFile section */

/* Begin PBXFileReference section */
		21B246D7296167890094F55D /* Marketplace.app */ = {isa = PBXFileReference; explicitFileType = wrapper.application; includeInIndex = 0; path = Marketplace.app; sourceTree = BUILT_PRODUCTS_DIR; };
		21B246DA296167890094F55D /* AppDelegate.swift */ = {isa = PBXFileReference; lastKnownFileType = sourcecode.swift; path = AppDelegate.swift; sourceTree = "<group>"; };
		21B246DC296167890094F55D /* SceneDelegate.swift */ = {isa = PBXFileReference; lastKnownFileType = sourcecode.swift; path = SceneDelegate.swift; sourceTree = "<group>"; };
		21B246DE296167890094F55D /* ViewController.swift */ = {isa = PBXFileReference; lastKnownFileType = sourcecode.swift; path = ViewController.swift; sourceTree = "<group>"; };
		21B246E32961678C0094F55D /* Assets.xcassets */ = {isa = PBXFileReference; lastKnownFileType = folder.assetcatalog; path = Assets.xcassets; sourceTree = "<group>"; };
		21B246E62961678C0094F55D /* Base */ = {isa = PBXFileReference; lastKnownFileType = file.storyboard; name = Base; path = Base.lproj/LaunchScreen.storyboard; sourceTree = "<group>"; };
		21B246E82961678C0094F55D /* Info.plist */ = {isa = PBXFileReference; lastKnownFileType = text.plist.xml; path = Info.plist; sourceTree = "<group>"; };
		21B246F12961687A0094F55D /* UIColor+Extension.swift */ = {isa = PBXFileReference; lastKnownFileType = sourcecode.swift; path = "UIColor+Extension.swift"; sourceTree = "<group>"; };
		21B246F329616DE70094F55D /* MarkPro-Regular.ttf */ = {isa = PBXFileReference; lastKnownFileType = file; path = "MarkPro-Regular.ttf"; sourceTree = "<group>"; };
		21B246F429616DE70094F55D /* MarkPro-Medium.ttf */ = {isa = PBXFileReference; lastKnownFileType = file; path = "MarkPro-Medium.ttf"; sourceTree = "<group>"; };
		21B246F529616DE70094F55D /* MarkPro-Heavy.ttf */ = {isa = PBXFileReference; lastKnownFileType = file; path = "MarkPro-Heavy.ttf"; sourceTree = "<group>"; };
		21B246F629616DE70094F55D /* MarkPro-Bold.ttf */ = {isa = PBXFileReference; lastKnownFileType = file; path = "MarkPro-Bold.ttf"; sourceTree = "<group>"; };
		21B246FC29616F730094F55D /* UIFont+Extension.swift */ = {isa = PBXFileReference; lastKnownFileType = sourcecode.swift; path = "UIFont+Extension.swift"; sourceTree = "<group>"; };
/* End PBXFileReference section */

/* Begin PBXFrameworksBuildPhase section */
		21B246D4296167890094F55D /* Frameworks */ = {
			isa = PBXFrameworksBuildPhase;
			buildActionMask = 2147483647;
			files = (
			);
			runOnlyForDeploymentPostprocessing = 0;
		};
/* End PBXFrameworksBuildPhase section */

/* Begin PBXGroup section */
		21B246CE296167890094F55D = {
			isa = PBXGroup;
			children = (
				21B246D9296167890094F55D /* Marketplace */,
				21B246D8296167890094F55D /* Products */,
			);
			sourceTree = "<group>";
		};
		21B246D8296167890094F55D /* Products */ = {
			isa = PBXGroup;
			children = (
				21B246D7296167890094F55D /* Marketplace.app */,
			);
			name = Products;
			sourceTree = "<group>";
		};
		21B246D9296167890094F55D /* Marketplace */ = {
			isa = PBXGroup;
			children = (
				21B246DE296167890094F55D /* ViewController.swift */,
				21B246F02961682B0094F55D /* Extensions */,
				21B246EE296167A00094F55D /* Apllication */,
				21B246EF296167B60094F55D /* Resources */,
			);
			path = Marketplace;
			sourceTree = "<group>";
		};
		21B246EE296167A00094F55D /* Apllication */ = {
			isa = PBXGroup;
			children = (
				21B246DA296167890094F55D /* AppDelegate.swift */,
				21B246DC296167890094F55D /* SceneDelegate.swift */,
			);
			path = Apllication;
			sourceTree = "<group>";
		};
		21B246EF296167B60094F55D /* Resources */ = {
			isa = PBXGroup;
			children = (
				21B246FB29616DF20094F55D /* Mark Pro Font */,
				21B246E32961678C0094F55D /* Assets.xcassets */,
				21B246E52961678C0094F55D /* LaunchScreen.storyboard */,
				21B246E82961678C0094F55D /* Info.plist */,
			);
			path = Resources;
			sourceTree = "<group>";
		};
		21B246F02961682B0094F55D /* Extensions */ = {
			isa = PBXGroup;
			children = (
				21B246F12961687A0094F55D /* UIColor+Extension.swift */,
				21B246FC29616F730094F55D /* UIFont+Extension.swift */,
			);
			path = Extensions;
			sourceTree = "<group>";
		};
		21B246FB29616DF20094F55D /* Mark Pro Font */ = {
			isa = PBXGroup;
			children = (
				21B246F329616DE70094F55D /* MarkPro-Regular.ttf */,
				21B246F429616DE70094F55D /* MarkPro-Medium.ttf */,
				21B246F629616DE70094F55D /* MarkPro-Bold.ttf */,
				21B246F529616DE70094F55D /* MarkPro-Heavy.ttf */,
			);
			path = "Mark Pro Font";
			sourceTree = "<group>";
		};
/* End PBXGroup section */

/* Begin PBXNativeTarget section */
		21B246D6296167890094F55D /* Marketplace */ = {
			isa = PBXNativeTarget;
			buildConfigurationList = 21B246EB2961678C0094F55D /* Build configuration list for PBXNativeTarget "Marketplace" */;
			buildPhases = (
				21B246D3296167890094F55D /* Sources */,
				21B246D4296167890094F55D /* Frameworks */,
				21B246D5296167890094F55D /* Resources */,
			);
			buildRules = (
			);
			dependencies = (
			);
			name = Marketplace;
			productName = Marketplace;
			productReference = 21B246D7296167890094F55D /* Marketplace.app */;
			productType = "com.apple.product-type.application";
		};
/* End PBXNativeTarget section */

/* Begin PBXProject section */
		21B246CF296167890094F55D /* Project object */ = {
			isa = PBXProject;
			attributes = {
				BuildIndependentTargetsInParallel = 1;
				LastSwiftUpdateCheck = 1340;
				LastUpgradeCheck = 1340;
				TargetAttributes = {
					21B246D6296167890094F55D = {
						CreatedOnToolsVersion = 13.4;
					};
				};
			};
			buildConfigurationList = 21B246D2296167890094F55D /* Build configuration list for PBXProject "Marketplace" */;
			compatibilityVersion = "Xcode 13.0";
			developmentRegion = en;
			hasScannedForEncodings = 0;
			knownRegions = (
				en,
				Base,
			);
			mainGroup = 21B246CE296167890094F55D;
			productRefGroup = 21B246D8296167890094F55D /* Products */;
			projectDirPath = "";
			projectRoot = "";
			targets = (
				21B246D6296167890094F55D /* Marketplace */,
			);
		};
/* End PBXProject section */

/* Begin PBXResourcesBuildPhase section */
		21B246D5296167890094F55D /* Resources */ = {
			isa = PBXResourcesBuildPhase;
			buildActionMask = 2147483647;
			files = (
				21B246FA29616DE70094F55D /* MarkPro-Bold.ttf in Resources */,
				21B246F829616DE70094F55D /* MarkPro-Medium.ttf in Resources */,
				21B246F929616DE70094F55D /* MarkPro-Heavy.ttf in Resources */,
				21B246F729616DE70094F55D /* MarkPro-Regular.ttf in Resources */,
				21B246E72961678C0094F55D /* LaunchScreen.storyboard in Resources */,
				21B246E42961678C0094F55D /* Assets.xcassets in Resources */,
			);
			runOnlyForDeploymentPostprocessing = 0;
		};
/* End PBXResourcesBuildPhase section */

/* Begin PBXSourcesBuildPhase section */
		21B246D3296167890094F55D /* Sources */ = {
			isa = PBXSourcesBuildPhase;
			buildActionMask = 2147483647;
			files = (
				21B246DF296167890094F55D /* ViewController.swift in Sources */,
				21B246F22961687A0094F55D /* UIColor+Extension.swift in Sources */,
				21B246DB296167890094F55D /* AppDelegate.swift in Sources */,
				21B246FD29616F730094F55D /* UIFont+Extension.swift in Sources */,
				21B246DD296167890094F55D /* SceneDelegate.swift in Sources */,
			);
			runOnlyForDeploymentPostprocessing = 0;
		};
/* End PBXSourcesBuildPhase section */

/* Begin PBXVariantGroup section */
		21B246E52961678C0094F55D /* LaunchScreen.storyboard */ = {
			isa = PBXVariantGroup;
			children = (
				21B246E62961678C0094F55D /* Base */,
			);
			name = LaunchScreen.storyboard;
			sourceTree = "<group>";
		};
/* End PBXVariantGroup section */

/* Begin XCBuildConfiguration section */
		21B246E92961678C0094F55D /* Debug */ = {
			isa = XCBuildConfiguration;
			buildSettings = {
				ALWAYS_SEARCH_USER_PATHS = NO;
				CLANG_ANALYZER_NONNULL = YES;
				CLANG_ANALYZER_NUMBER_OBJECT_CONVERSION = YES_AGGRESSIVE;
				CLANG_CXX_LANGUAGE_STANDARD = "gnu++17";
				CLANG_ENABLE_MODULES = YES;
				CLANG_ENABLE_OBJC_ARC = YES;
				CLANG_ENABLE_OBJC_WEAK = YES;
				CLANG_WARN_BLOCK_CAPTURE_AUTORELEASING = YES;
				CLANG_WARN_BOOL_CONVERSION = YES;
				CLANG_WARN_COMMA = YES;
				CLANG_WARN_CONSTANT_CONVERSION = YES;
				CLANG_WARN_DEPRECATED_OBJC_IMPLEMENTATIONS = YES;
				CLANG_WARN_DIRECT_OBJC_ISA_USAGE = YES_ERROR;
				CLANG_WARN_DOCUMENTATION_COMMENTS = YES;
				CLANG_WARN_EMPTY_BODY = YES;
				CLANG_WARN_ENUM_CONVERSION = YES;
				CLANG_WARN_INFINITE_RECURSION = YES;
				CLANG_WARN_INT_CONVERSION = YES;
				CLANG_WARN_NON_LITERAL_NULL_CONVERSION = YES;
				CLANG_WARN_OBJC_IMPLICIT_RETAIN_SELF = YES;
				CLANG_WARN_OBJC_LITERAL_CONVERSION = YES;
				CLANG_WARN_OBJC_ROOT_CLASS = YES_ERROR;
				CLANG_WARN_QUOTED_INCLUDE_IN_FRAMEWORK_HEADER = YES;
				CLANG_WARN_RANGE_LOOP_ANALYSIS = YES;
				CLANG_WARN_STRICT_PROTOTYPES = YES;
				CLANG_WARN_SUSPICIOUS_MOVE = YES;
				CLANG_WARN_UNGUARDED_AVAILABILITY = YES_AGGRESSIVE;
				CLANG_WARN_UNREACHABLE_CODE = YES;
				CLANG_WARN__DUPLICATE_METHOD_MATCH = YES;
				COPY_PHASE_STRIP = NO;
				DEBUG_INFORMATION_FORMAT = dwarf;
				ENABLE_STRICT_OBJC_MSGSEND = YES;
				ENABLE_TESTABILITY = YES;
				GCC_C_LANGUAGE_STANDARD = gnu11;
				GCC_DYNAMIC_NO_PIC = NO;
				GCC_NO_COMMON_BLOCKS = YES;
				GCC_OPTIMIZATION_LEVEL = 0;
				GCC_PREPROCESSOR_DEFINITIONS = (
					"DEBUG=1",
					"$(inherited)",
				);
				GCC_WARN_64_TO_32_BIT_CONVERSION = YES;
				GCC_WARN_ABOUT_RETURN_TYPE = YES_ERROR;
				GCC_WARN_UNDECLARED_SELECTOR = YES;
				GCC_WARN_UNINITIALIZED_AUTOS = YES_AGGRESSIVE;
				GCC_WARN_UNUSED_FUNCTION = YES;
				GCC_WARN_UNUSED_VARIABLE = YES;
				IPHONEOS_DEPLOYMENT_TARGET = 15.5;
				MTL_ENABLE_DEBUG_INFO = INCLUDE_SOURCE;
				MTL_FAST_MATH = YES;
				ONLY_ACTIVE_ARCH = YES;
				SDKROOT = iphoneos;
				SWIFT_ACTIVE_COMPILATION_CONDITIONS = DEBUG;
				SWIFT_OPTIMIZATION_LEVEL = "-Onone";
			};
			name = Debug;
		};
		21B246EA2961678C0094F55D /* Release */ = {
			isa = XCBuildConfiguration;
			buildSettings = {
				ALWAYS_SEARCH_USER_PATHS = NO;
				CLANG_ANALYZER_NONNULL = YES;
				CLANG_ANALYZER_NUMBER_OBJECT_CONVERSION = YES_AGGRESSIVE;
				CLANG_CXX_LANGUAGE_STANDARD = "gnu++17";
				CLANG_ENABLE_MODULES = YES;
				CLANG_ENABLE_OBJC_ARC = YES;
				CLANG_ENABLE_OBJC_WEAK = YES;
				CLANG_WARN_BLOCK_CAPTURE_AUTORELEASING = YES;
				CLANG_WARN_BOOL_CONVERSION = YES;
				CLANG_WARN_COMMA = YES;
				CLANG_WARN_CONSTANT_CONVERSION = YES;
				CLANG_WARN_DEPRECATED_OBJC_IMPLEMENTATIONS = YES;
				CLANG_WARN_DIRECT_OBJC_ISA_USAGE = YES_ERROR;
				CLANG_WARN_DOCUMENTATION_COMMENTS = YES;
				CLANG_WARN_EMPTY_BODY = YES;
				CLANG_WARN_ENUM_CONVERSION = YES;
				CLANG_WARN_INFINITE_RECURSION = YES;
				CLANG_WARN_INT_CONVERSION = YES;
				CLANG_WARN_NON_LITERAL_NULL_CONVERSION = YES;
				CLANG_WARN_OBJC_IMPLICIT_RETAIN_SELF = YES;
				CLANG_WARN_OBJC_LITERAL_CONVERSION = YES;
				CLANG_WARN_OBJC_ROOT_CLASS = YES_ERROR;
				CLANG_WARN_QUOTED_INCLUDE_IN_FRAMEWORK_HEADER = YES;
				CLANG_WARN_RANGE_LOOP_ANALYSIS = YES;
				CLANG_WARN_STRICT_PROTOTYPES = YES;
				CLANG_WARN_SUSPICIOUS_MOVE = YES;
				CLANG_WARN_UNGUARDED_AVAILABILITY = YES_AGGRESSIVE;
				CLANG_WARN_UNREACHABLE_CODE = YES;
				CLANG_WARN__DUPLICATE_METHOD_MATCH = YES;
				COPY_PHASE_STRIP = NO;
				DEBUG_INFORMATION_FORMAT = "dwarf-with-dsym";
				ENABLE_NS_ASSERTIONS = NO;
				ENABLE_STRICT_OBJC_MSGSEND = YES;
				GCC_C_LANGUAGE_STANDARD = gnu11;
				GCC_NO_COMMON_BLOCKS = YES;
				GCC_WARN_64_TO_32_BIT_CONVERSION = YES;
				GCC_WARN_ABOUT_RETURN_TYPE = YES_ERROR;
				GCC_WARN_UNDECLARED_SELECTOR = YES;
				GCC_WARN_UNINITIALIZED_AUTOS = YES_AGGRESSIVE;
				GCC_WARN_UNUSED_FUNCTION = YES;
				GCC_WARN_UNUSED_VARIABLE = YES;
				IPHONEOS_DEPLOYMENT_TARGET = 15.5;
				MTL_ENABLE_DEBUG_INFO = NO;
				MTL_FAST_MATH = YES;
				SDKROOT = iphoneos;
				SWIFT_COMPILATION_MODE = wholemodule;
				SWIFT_OPTIMIZATION_LEVEL = "-O";
				VALIDATE_PRODUCT = YES;
			};
			name = Release;
		};
		21B246EC2961678C0094F55D /* Debug */ = {
			isa = XCBuildConfiguration;
			buildSettings = {
				ASSETCATALOG_COMPILER_APPICON_NAME = AppIcon;
				ASSETCATALOG_COMPILER_GLOBAL_ACCENT_COLOR_NAME = AccentColor;
				CODE_SIGN_STYLE = Automatic;
				CURRENT_PROJECT_VERSION = 1;
				DEVELOPMENT_TEAM = 7MJTTLBM2G;
				GENERATE_INFOPLIST_FILE = YES;
				INFOPLIST_FILE = Marketplace/Resources/Info.plist;
				INFOPLIST_KEY_UIApplicationSupportsIndirectInputEvents = YES;
				INFOPLIST_KEY_UILaunchStoryboardName = LaunchScreen;
				INFOPLIST_KEY_UIMainStoryboardFile = "";
				INFOPLIST_KEY_UISupportedInterfaceOrientations_iPad = "UIInterfaceOrientationPortrait UIInterfaceOrientationPortraitUpsideDown UIInterfaceOrientationLandscapeLeft UIInterfaceOrientationLandscapeRight";
				INFOPLIST_KEY_UISupportedInterfaceOrientations_iPhone = "UIInterfaceOrientationPortrait UIInterfaceOrientationLandscapeLeft UIInterfaceOrientationLandscapeRight";
				LD_RUNPATH_SEARCH_PATHS = (
					"$(inherited)",
					"@executable_path/Frameworks",
				);
				MARKETING_VERSION = 1.0;
				PRODUCT_BUNDLE_IDENTIFIER = kz.abrorbek.Marketplace;
				PRODUCT_NAME = "$(TARGET_NAME)";
				SWIFT_EMIT_LOC_STRINGS = YES;
				SWIFT_VERSION = 5.0;
				TARGETED_DEVICE_FAMILY = "1,2";
			};
			name = Debug;
		};
		21B246ED2961678C0094F55D /* Release */ = {
			isa = XCBuildConfiguration;
			buildSettings = {
				ASSETCATALOG_COMPILER_APPICON_NAME = AppIcon;
				ASSETCATALOG_COMPILER_GLOBAL_ACCENT_COLOR_NAME = AccentColor;
				CODE_SIGN_STYLE = Automatic;
				CURRENT_PROJECT_VERSION = 1;
				DEVELOPMENT_TEAM = 7MJTTLBM2G;
				GENERATE_INFOPLIST_FILE = YES;
				INFOPLIST_FILE = Marketplace/Resources/Info.plist;
				INFOPLIST_KEY_UIApplicationSupportsIndirectInputEvents = YES;
				INFOPLIST_KEY_UILaunchStoryboardName = LaunchScreen;
				INFOPLIST_KEY_UIMainStoryboardFile = "";
				INFOPLIST_KEY_UISupportedInterfaceOrientations_iPad = "UIInterfaceOrientationPortrait UIInterfaceOrientationPortraitUpsideDown UIInterfaceOrientationLandscapeLeft UIInterfaceOrientationLandscapeRight";
				INFOPLIST_KEY_UISupportedInterfaceOrientations_iPhone = "UIInterfaceOrientationPortrait UIInterfaceOrientationLandscapeLeft UIInterfaceOrientationLandscapeRight";
				LD_RUNPATH_SEARCH_PATHS = (
					"$(inherited)",
					"@executable_path/Frameworks",
				);
				MARKETING_VERSION = 1.0;
				PRODUCT_BUNDLE_IDENTIFIER = kz.abrorbek.Marketplace;
				PRODUCT_NAME = "$(TARGET_NAME)";
				SWIFT_EMIT_LOC_STRINGS = YES;
				SWIFT_VERSION = 5.0;
				TARGETED_DEVICE_FAMILY = "1,2";
			};
			name = Release;
		};
/* End XCBuildConfiguration section */

/* Begin XCConfigurationList section */
		21B246D2296167890094F55D /* Build configuration list for PBXProject "Marketplace" */ = {
			isa = XCConfigurationList;
			buildConfigurations = (
				21B246E92961678C0094F55D /* Debug */,
				21B246EA2961678C0094F55D /* Release */,
			);
			defaultConfigurationIsVisible = 0;
			defaultConfigurationName = Release;
		};
		21B246EB2961678C0094F55D /* Build configuration list for PBXNativeTarget "Marketplace" */ = {
			isa = XCConfigurationList;
			buildConfigurations = (
				21B246EC2961678C0094F55D /* Debug */,
				21B246ED2961678C0094F55D /* Release */,
			);
			defaultConfigurationIsVisible = 0;
			defaultConfigurationName = Release;
		};
/* End XCConfigurationList section */
	};
	rootObject = 21B246CF296167890094F55D /* Project object */;
}
